{
  "name": "projeto-ls",
  "lockfileVersion": 2,
  "requires": true,
  "packages": {
    "": {
      "dependencies": {
        "spotify-web-api-js": "^1.5.2"
      }
    },
    "node_modules/spotify-web-api-js": {
      "version": "1.5.2",
      "resolved": "https://registry.npmjs.org/spotify-web-api-js/-/spotify-web-api-js-1.5.2.tgz",
      "integrity": "sha512-ie1gbg1wCabfobIkXTIBLUMyULS/hMCpF44Cdx2pAO0/+FrjhNSDjlDzcwCEDy+ZIo3Fscs+Gkg/GTeQ/ijo+Q=="
    }
  },
  "dependencies": {
    "spotify-web-api-js": {
      "version": "1.5.2",
      "resolved": "https://registry.npmjs.org/spotify-web-api-js/-/spotify-web-api-js-1.5.2.tgz",
      "integrity": "sha512-ie1gbg1wCabfobIkXTIBLUMyULS/hMCpF44Cdx2pAO0/+FrjhNSDjlDzcwCEDy+ZIo3Fscs+Gkg/GTeQ/ijo+Q=="
    }
  }
}
